
Microsoft Visual Studio Solution File, Format Version 12.00
# Visual Studio Version 17
VisualStudioVersion = 17.4.33103.184
MinimumVisualStudioVersion = 10.0.40219.1
Project("{FAE04EC0-301F-11D3-BF4B-00C04F79EFBC}") = "Hastebin Upload", "Hastebin Upload\Hastebin Upload.csproj", "{EF74B35C-D8E3-40C3-B404-5E072A26E116}"
EndProject
Global
	GlobalSection(SolutionConfigurationPlatforms) = preSolution
		Debug|Any CPU = Debug|Any CPU
		Release|Any CPU = Release|Any CPU
	EndGlobalSection
	GlobalSection(ProjectConfigurationPlatforms) = postSolution
		{EF74B35C-D8E3-40C3-B404-5E072A26E116}.Debug|Any CPU.ActiveCfg = Debug|Any CPU
		{EF74B35C-D8E3-40C3-B404-5E072A26E116}.Debug|Any CPU.Build.0 = Debug|Any CPU
		{EF74B35C-D8E3-40C3-B404-5E072A26E116}.Release|Any CPU.ActiveCfg = Release|Any CPU
		{EF74B35C-D8E3-40C3-B404-5E072A26E116}.Release|Any CPU.Build.0 = Release|Any CPU
	EndGlobalSection
	GlobalSection(SolutionProperties) = preSolution
		HideSolutionNode = FALSE
	EndGlobalSection
	GlobalSection(ExtensibilityGlobals) = postSolution
		SolutionGuid = {73C155A4-A540-4C72-9CE9-F0765AD916CA}
	EndGlobalSection
EndGlobal
